
Microsoft Visual Studio Solution File, Format Version 12.00
# Visual Studio Version 17
VisualStudioVersion = 17.11.35327.3
MinimumVisualStudioVersion = 10.0.40219.1
Project("{FAE04EC0-301F-11D3-BF4B-00C04F79EFBC}") = "Homework", "Homework\Homework.csproj", "{DC19FC52-F672-41DC-ADD7-7690D8863257}"
EndProject
Global
	GlobalSection(SolutionConfigurationPlatforms) = preSolution
		Debug|Any CPU = Debug|Any CPU
		Release|Any CPU = Release|Any CPU
	EndGlobalSection
	GlobalSection(ProjectConfigurationPlatforms) = postSolution
		{DC19FC52-F672-41DC-ADD7-7690D8863257}.Debug|Any CPU.ActiveCfg = Debug|Any CPU
		{DC19FC52-F672-41DC-ADD7-7690D8863257}.Debug|Any CPU.Build.0 = Debug|Any CPU
		{DC19FC52-F672-41DC-ADD7-7690D8863257}.Release|Any CPU.ActiveCfg = Release|Any CPU
		{DC19FC52-F672-41DC-ADD7-7690D8863257}.Release|Any CPU.Build.0 = Release|Any CPU
	EndGlobalSection
	GlobalSection(SolutionProperties) = preSolution
		HideSolutionNode = FALSE
	EndGlobalSection
	GlobalSection(ExtensibilityGlobals) = postSolution
		SolutionGuid = {43E22A56-593F-4C39-9A09-AC62A0794A88}
	EndGlobalSection
EndGlobal
