
Microsoft Visual Studio Solution File, Format Version 12.00
# Visual Studio Version 17
VisualStudioVersion = 17.11.35327.3
MinimumVisualStudioVersion = 10.0.40219.1
Project("{9A19103F-16F7-4668-BE54-9A1E7A4F7556}") = "Homework", "Homework\Homework.csproj", "{DC19FC52-F672-41DC-ADD7-7690D8863257}"
EndProject
Project("{9A19103F-16F7-4668-BE54-9A1E7A4F7556}") = "Homework1", "Homework1\Homework1.csproj", "{1C4B1F44-8B5D-4D32-9139-9CC3E0C69164}"
EndProject
Project("{9A19103F-16F7-4668-BE54-9A1E7A4F7556}") = "Homework2", "Homework2\Homework2.csproj", "{64E482C8-55EA-4404-BAAE-A96675A02222}"
EndProject
Project("{9A19103F-16F7-4668-BE54-9A1E7A4F7556}") = "Homework3", "Homework3\Homework3.csproj", "{7DCE5FAE-E9F5-4500-AE7E-B1BBBEB1455C}"
EndProject
Project("{FAE04EC0-301F-11D3-BF4B-00C04F79EFBC}") = "Homework4", "Homework4\Homework4.csproj", "{9071B145-89F7-48EC-8039-2DA77A948B46}"
EndProject
Project("{FAE04EC0-301F-11D3-BF4B-00C04F79EFBC}") = "Homework5", "Homework5\Homework5.csproj", "{655161A7-1C45-4625-A1EA-D0B908B8A6B1}"
EndProject
Project("{FAE04EC0-301F-11D3-BF4B-00C04F79EFBC}") = "Homework6", "Homework6\Homework6.csproj", "{C19155EA-46F0-4404-A8D4-E283182F309D}"
EndProject
Project("{FAE04EC0-301F-11D3-BF4B-00C04F79EFBC}") = "Homework7", "Homework7\Homework7.csproj", "{C59B261B-D31D-4354-AE8D-882146CDD91C}"
EndProject
Project("{FAE04EC0-301F-11D3-BF4B-00C04F79EFBC}") = "Homework8", "Homework8\Homework8.csproj", "{2352ADB2-E98A-4E77-AE9C-DD0A8A47A9FC}"
EndProject
Project("{FAE04EC0-301F-11D3-BF4B-00C04F79EFBC}") = "ArrayWork", "ArrayWork\ArrayWork.csproj", "{CCC928DA-9DA4-4BE9-BAF1-BDBD70CD0B3B}"
EndProject
Project("{FAE04EC0-301F-11D3-BF4B-00C04F79EFBC}") = "Homework9", "Homework9\Homework9.csproj", "{836488AC-F7F8-4D8E-9AB5-8CCB5D08A7F2}"
EndProject
Project("{FAE04EC0-301F-11D3-BF4B-00C04F79EFBC}") = "Homework10.1", "Homework10.1\Homework10.1.csproj", "{2400B39B-CF41-4C8A-8A2A-0AFE1E42E987}"
EndProject
Project("{FAE04EC0-301F-11D3-BF4B-00C04F79EFBC}") = "Homework10.3", "Homework10.3\Homework10.3.csproj", "{DC45E5E5-EBF8-499B-B6F4-D23189B15539}"
EndProject
Project("{FAE04EC0-301F-11D3-BF4B-00C04F79EFBC}") = "Homework10.2", "Homework10.2\Homework10.2.csproj", "{798A0992-C2CD-40FA-8D06-FB8BD981894D}"
EndProject
Project("{FAE04EC0-301F-11D3-BF4B-00C04F79EFBC}") = "Homework11", "Homework11\Homework11.csproj", "{C5FA8FAE-2BAB-4C02-9170-B7679E43CD1B}"
EndProject
Project("{FAE04EC0-301F-11D3-BF4B-00C04F79EFBC}") = "Homework12", "Homework12\Homework12\Homework12.csproj", "{9C75D063-4C23-48B6-9D6C-E30D887291C3}"
EndProject
Global
	GlobalSection(SolutionConfigurationPlatforms) = preSolution
		Debug|Any CPU = Debug|Any CPU
		Release|Any CPU = Release|Any CPU
	EndGlobalSection
	GlobalSection(ProjectConfigurationPlatforms) = postSolution
		{DC19FC52-F672-41DC-ADD7-7690D8863257}.Debug|Any CPU.ActiveCfg = Debug|Any CPU
		{DC19FC52-F672-41DC-ADD7-7690D8863257}.Debug|Any CPU.Build.0 = Debug|Any CPU
		{DC19FC52-F672-41DC-ADD7-7690D8863257}.Release|Any CPU.ActiveCfg = Release|Any CPU
		{DC19FC52-F672-41DC-ADD7-7690D8863257}.Release|Any CPU.Build.0 = Release|Any CPU
		{1C4B1F44-8B5D-4D32-9139-9CC3E0C69164}.Debug|Any CPU.ActiveCfg = Debug|Any CPU
		{1C4B1F44-8B5D-4D32-9139-9CC3E0C69164}.Debug|Any CPU.Build.0 = Debug|Any CPU
		{1C4B1F44-8B5D-4D32-9139-9CC3E0C69164}.Release|Any CPU.ActiveCfg = Release|Any CPU
		{1C4B1F44-8B5D-4D32-9139-9CC3E0C69164}.Release|Any CPU.Build.0 = Release|Any CPU
		{64E482C8-55EA-4404-BAAE-A96675A02222}.Debug|Any CPU.ActiveCfg = Debug|Any CPU
		{64E482C8-55EA-4404-BAAE-A96675A02222}.Debug|Any CPU.Build.0 = Debug|Any CPU
		{64E482C8-55EA-4404-BAAE-A96675A02222}.Release|Any CPU.ActiveCfg = Release|Any CPU
		{64E482C8-55EA-4404-BAAE-A96675A02222}.Release|Any CPU.Build.0 = Release|Any CPU
		{7DCE5FAE-E9F5-4500-AE7E-B1BBBEB1455C}.Debug|Any CPU.ActiveCfg = Debug|Any CPU
		{7DCE5FAE-E9F5-4500-AE7E-B1BBBEB1455C}.Debug|Any CPU.Build.0 = Debug|Any CPU
		{7DCE5FAE-E9F5-4500-AE7E-B1BBBEB1455C}.Release|Any CPU.ActiveCfg = Release|Any CPU
		{7DCE5FAE-E9F5-4500-AE7E-B1BBBEB1455C}.Release|Any CPU.Build.0 = Release|Any CPU
		{9071B145-89F7-48EC-8039-2DA77A948B46}.Debug|Any CPU.ActiveCfg = Debug|Any CPU
		{9071B145-89F7-48EC-8039-2DA77A948B46}.Debug|Any CPU.Build.0 = Debug|Any CPU
		{9071B145-89F7-48EC-8039-2DA77A948B46}.Release|Any CPU.ActiveCfg = Release|Any CPU
		{9071B145-89F7-48EC-8039-2DA77A948B46}.Release|Any CPU.Build.0 = Release|Any CPU
		{655161A7-1C45-4625-A1EA-D0B908B8A6B1}.Debug|Any CPU.ActiveCfg = Debug|Any CPU
		{655161A7-1C45-4625-A1EA-D0B908B8A6B1}.Debug|Any CPU.Build.0 = Debug|Any CPU
		{655161A7-1C45-4625-A1EA-D0B908B8A6B1}.Release|Any CPU.ActiveCfg = Release|Any CPU
		{655161A7-1C45-4625-A1EA-D0B908B8A6B1}.Release|Any CPU.Build.0 = Release|Any CPU
		{C19155EA-46F0-4404-A8D4-E283182F309D}.Debug|Any CPU.ActiveCfg = Debug|Any CPU
		{C19155EA-46F0-4404-A8D4-E283182F309D}.Debug|Any CPU.Build.0 = Debug|Any CPU
		{C19155EA-46F0-4404-A8D4-E283182F309D}.Release|Any CPU.ActiveCfg = Release|Any CPU
		{C19155EA-46F0-4404-A8D4-E283182F309D}.Release|Any CPU.Build.0 = Release|Any CPU
		{C59B261B-D31D-4354-AE8D-882146CDD91C}.Debug|Any CPU.ActiveCfg = Debug|Any CPU
		{C59B261B-D31D-4354-AE8D-882146CDD91C}.Debug|Any CPU.Build.0 = Debug|Any CPU
		{C59B261B-D31D-4354-AE8D-882146CDD91C}.Release|Any CPU.ActiveCfg = Release|Any CPU
		{C59B261B-D31D-4354-AE8D-882146CDD91C}.Release|Any CPU.Build.0 = Release|Any CPU
		{2352ADB2-E98A-4E77-AE9C-DD0A8A47A9FC}.Debug|Any CPU.ActiveCfg = Debug|Any CPU
		{2352ADB2-E98A-4E77-AE9C-DD0A8A47A9FC}.Debug|Any CPU.Build.0 = Debug|Any CPU
		{2352ADB2-E98A-4E77-AE9C-DD0A8A47A9FC}.Release|Any CPU.ActiveCfg = Release|Any CPU
		{2352ADB2-E98A-4E77-AE9C-DD0A8A47A9FC}.Release|Any CPU.Build.0 = Release|Any CPU
		{CCC928DA-9DA4-4BE9-BAF1-BDBD70CD0B3B}.Debug|Any CPU.ActiveCfg = Debug|Any CPU
		{CCC928DA-9DA4-4BE9-BAF1-BDBD70CD0B3B}.Debug|Any CPU.Build.0 = Debug|Any CPU
		{CCC928DA-9DA4-4BE9-BAF1-BDBD70CD0B3B}.Release|Any CPU.ActiveCfg = Release|Any CPU
		{CCC928DA-9DA4-4BE9-BAF1-BDBD70CD0B3B}.Release|Any CPU.Build.0 = Release|Any CPU
		{836488AC-F7F8-4D8E-9AB5-8CCB5D08A7F2}.Debug|Any CPU.ActiveCfg = Debug|Any CPU
		{836488AC-F7F8-4D8E-9AB5-8CCB5D08A7F2}.Debug|Any CPU.Build.0 = Debug|Any CPU
		{836488AC-F7F8-4D8E-9AB5-8CCB5D08A7F2}.Release|Any CPU.ActiveCfg = Release|Any CPU
		{836488AC-F7F8-4D8E-9AB5-8CCB5D08A7F2}.Release|Any CPU.Build.0 = Release|Any CPU
		{2400B39B-CF41-4C8A-8A2A-0AFE1E42E987}.Debug|Any CPU.ActiveCfg = Debug|Any CPU
		{2400B39B-CF41-4C8A-8A2A-0AFE1E42E987}.Debug|Any CPU.Build.0 = Debug|Any CPU
		{2400B39B-CF41-4C8A-8A2A-0AFE1E42E987}.Release|Any CPU.ActiveCfg = Release|Any CPU
		{2400B39B-CF41-4C8A-8A2A-0AFE1E42E987}.Release|Any CPU.Build.0 = Release|Any CPU
		{DC45E5E5-EBF8-499B-B6F4-D23189B15539}.Debug|Any CPU.ActiveCfg = Debug|Any CPU
		{DC45E5E5-EBF8-499B-B6F4-D23189B15539}.Debug|Any CPU.Build.0 = Debug|Any CPU
		{DC45E5E5-EBF8-499B-B6F4-D23189B15539}.Release|Any CPU.ActiveCfg = Release|Any CPU
		{DC45E5E5-EBF8-499B-B6F4-D23189B15539}.Release|Any CPU.Build.0 = Release|Any CPU
		{798A0992-C2CD-40FA-8D06-FB8BD981894D}.Debug|Any CPU.ActiveCfg = Debug|Any CPU
		{798A0992-C2CD-40FA-8D06-FB8BD981894D}.Debug|Any CPU.Build.0 = Debug|Any CPU
		{798A0992-C2CD-40FA-8D06-FB8BD981894D}.Release|Any CPU.ActiveCfg = Release|Any CPU
		{798A0992-C2CD-40FA-8D06-FB8BD981894D}.Release|Any CPU.Build.0 = Release|Any CPU
		{C5FA8FAE-2BAB-4C02-9170-B7679E43CD1B}.Debug|Any CPU.ActiveCfg = Debug|Any CPU
		{C5FA8FAE-2BAB-4C02-9170-B7679E43CD1B}.Debug|Any CPU.Build.0 = Debug|Any CPU
		{C5FA8FAE-2BAB-4C02-9170-B7679E43CD1B}.Release|Any CPU.ActiveCfg = Release|Any CPU
		{C5FA8FAE-2BAB-4C02-9170-B7679E43CD1B}.Release|Any CPU.Build.0 = Release|Any CPU
		{9C75D063-4C23-48B6-9D6C-E30D887291C3}.Debug|Any CPU.ActiveCfg = Debug|Any CPU
		{9C75D063-4C23-48B6-9D6C-E30D887291C3}.Debug|Any CPU.Build.0 = Debug|Any CPU
		{9C75D063-4C23-48B6-9D6C-E30D887291C3}.Release|Any CPU.ActiveCfg = Release|Any CPU
		{9C75D063-4C23-48B6-9D6C-E30D887291C3}.Release|Any CPU.Build.0 = Release|Any CPU
	EndGlobalSection
	GlobalSection(SolutionProperties) = preSolution
		HideSolutionNode = FALSE
	EndGlobalSection
	GlobalSection(ExtensibilityGlobals) = postSolution
		SolutionGuid = {43E22A56-593F-4C39-9A09-AC62A0794A88}
	EndGlobalSection
EndGlobal
